
Microsoft Visual Studio Solution File, Format Version 12.00
# Visual Studio 15
VisualStudioVersion = 15.0.26730.16
MinimumVisualStudioVersion = 10.0.40219.1
Project("{2150E333-8FDC-42A3-9474-1A3956D46DE8}") = "FactoryPatterns", "FactoryPatterns", "{18E9346D-0C6F-44A9-9842-13BC29B863FA}"
EndProject
Project("{FAE04EC0-301F-11D3-BF4B-00C04F79EFBC}") = "AbstractFactory", "AbstractFactory\AbstractFactory.csproj", "{B53C42DA-F7B5-4F2D-A50E-9F239E80DB6A}"
EndProject
Project("{2150E333-8FDC-42A3-9474-1A3956D46DE8}") = "SOLID", "SOLID", "{B2F67A6E-170D-4DF4-A36D-EF930A331E92}"
EndProject
Project("{FAE04EC0-301F-11D3-BF4B-00C04F79EFBC}") = "AdapterPattern", "AdapterPattern\AdapterPattern.csproj", "{1B7C3763-50B4-4C59-9576-69893A7440A3}"
EndProject
Project("{2150E333-8FDC-42A3-9474-1A3956D46DE8}") = "LSP", "LSP", "{554544F5-5849-420D-A656-21A8547C4C4B}"
EndProject
Project("{2150E333-8FDC-42A3-9474-1A3956D46DE8}") = "SRP", "SRP", "{C43B2F4C-17F0-4411-8202-5CEB48ED93AD}"
EndProject
Project("{FAE04EC0-301F-11D3-BF4B-00C04F79EFBC}") = "ConsoleSRP", "ConsoleSRP\ConsoleSRP.csproj", "{B616947B-EB75-4C5A-AE9B-5BE75CFCECA9}"
EndProject
Project("{2150E333-8FDC-42A3-9474-1A3956D46DE8}") = "OCP", "OCP", "{D169F7A6-2DF0-4D47-B5B1-175F9A5C6B28}"
EndProject
Project("{FAE04EC0-301F-11D3-BF4B-00C04F79EFBC}") = "OCPLibrary", "OCPLibrary\OCPLibrary.csproj", "{FD89DBE9-5609-4519-8272-61291D8B8A85}"
EndProject
Project("{FAE04EC0-301F-11D3-BF4B-00C04F79EFBC}") = "ConsoleOCP", "ConsoleOCP\ConsoleOCP.csproj", "{072BEC63-CFAD-41FF-9380-6CFC92189C6C}"
EndProject
Project("{2150E333-8FDC-42A3-9474-1A3956D46DE8}") = "ISP", "ISP", "{9B638A1F-E22C-4E02-A50E-32783EB12447}"
EndProject
Project("{FAE04EC0-301F-11D3-BF4B-00C04F79EFBC}") = "ISPLibrary", "ISPLibrary\ISPLibrary.csproj", "{7C4E2367-F3E6-41B1-ADCB-02CC6ADB162A}"
EndProject
Project("{FAE04EC0-301F-11D3-BF4B-00C04F79EFBC}") = "ConsoleISP", "ConsoleISP\ConsoleISP.csproj", "{4FE0429D-B9FB-41F3-A3D0-D6FB516BB0EE}"
EndProject
Project("{2150E333-8FDC-42A3-9474-1A3956D46DE8}") = "DIP", "DIP", "{AB8DDC23-CD8D-4037-B2D8-FEED252B465A}"
EndProject
Project("{FAE04EC0-301F-11D3-BF4B-00C04F79EFBC}") = "DIPLibrary", "DIPLibrary\DIPLibrary.csproj", "{224FD581-CD70-4A5A-B9E6-7A99AAAF1326}"
EndProject
Project("{FAE04EC0-301F-11D3-BF4B-00C04F79EFBC}") = "ConsoleDIP", "ConsoleDIP\ConsoleDIP.csproj", "{1CD0473F-1B41-474C-B655-3C136900A1CF}"
EndProject
Project("{2150E333-8FDC-42A3-9474-1A3956D46DE8}") = "CreationalPatterns", "CreationalPatterns", "{7F6171BB-EF7C-4C00-B314-47728002E008}"
EndProject
Project("{2150E333-8FDC-42A3-9474-1A3956D46DE8}") = "StructuralPatterns", "StructuralPatterns", "{151BA862-0458-42C7-80CD-2E59E69FF421}"
EndProject
Project("{2150E333-8FDC-42A3-9474-1A3956D46DE8}") = "BehavioralPatterns", "BehavioralPatterns", "{6A4171D8-C4B8-462C-9676-A74A91C82902}"
EndProject
Project("{FAE04EC0-301F-11D3-BF4B-00C04F79EFBC}") = "LSPLibrary", "LSPLibrary\LSPLibrary.csproj", "{9AA0D13E-2812-4EDA-893F-7F1EFB68DF00}"
EndProject
Project("{FAE04EC0-301F-11D3-BF4B-00C04F79EFBC}") = "ConsoleLSP", "ConsoleLSP\ConsoleLSP.csproj", "{3A582D62-0A33-4F02-8F7A-0222FD9072BC}"
EndProject
Global
	GlobalSection(SolutionConfigurationPlatforms) = preSolution
		Debug|Any CPU = Debug|Any CPU
		Release|Any CPU = Release|Any CPU
	EndGlobalSection
	GlobalSection(ProjectConfigurationPlatforms) = postSolution
		{B53C42DA-F7B5-4F2D-A50E-9F239E80DB6A}.Debug|Any CPU.ActiveCfg = Debug|Any CPU
		{B53C42DA-F7B5-4F2D-A50E-9F239E80DB6A}.Debug|Any CPU.Build.0 = Debug|Any CPU
		{B53C42DA-F7B5-4F2D-A50E-9F239E80DB6A}.Release|Any CPU.ActiveCfg = Release|Any CPU
		{B53C42DA-F7B5-4F2D-A50E-9F239E80DB6A}.Release|Any CPU.Build.0 = Release|Any CPU
		{1B7C3763-50B4-4C59-9576-69893A7440A3}.Debug|Any CPU.ActiveCfg = Debug|Any CPU
		{1B7C3763-50B4-4C59-9576-69893A7440A3}.Debug|Any CPU.Build.0 = Debug|Any CPU
		{1B7C3763-50B4-4C59-9576-69893A7440A3}.Release|Any CPU.ActiveCfg = Release|Any CPU
		{1B7C3763-50B4-4C59-9576-69893A7440A3}.Release|Any CPU.Build.0 = Release|Any CPU
		{B616947B-EB75-4C5A-AE9B-5BE75CFCECA9}.Debug|Any CPU.ActiveCfg = Debug|Any CPU
		{B616947B-EB75-4C5A-AE9B-5BE75CFCECA9}.Debug|Any CPU.Build.0 = Debug|Any CPU
		{B616947B-EB75-4C5A-AE9B-5BE75CFCECA9}.Release|Any CPU.ActiveCfg = Release|Any CPU
		{B616947B-EB75-4C5A-AE9B-5BE75CFCECA9}.Release|Any CPU.Build.0 = Release|Any CPU
		{FD89DBE9-5609-4519-8272-61291D8B8A85}.Debug|Any CPU.ActiveCfg = Debug|Any CPU
		{FD89DBE9-5609-4519-8272-61291D8B8A85}.Debug|Any CPU.Build.0 = Debug|Any CPU
		{FD89DBE9-5609-4519-8272-61291D8B8A85}.Release|Any CPU.ActiveCfg = Release|Any CPU
		{FD89DBE9-5609-4519-8272-61291D8B8A85}.Release|Any CPU.Build.0 = Release|Any CPU
		{072BEC63-CFAD-41FF-9380-6CFC92189C6C}.Debug|Any CPU.ActiveCfg = Debug|Any CPU
		{072BEC63-CFAD-41FF-9380-6CFC92189C6C}.Debug|Any CPU.Build.0 = Debug|Any CPU
		{072BEC63-CFAD-41FF-9380-6CFC92189C6C}.Release|Any CPU.ActiveCfg = Release|Any CPU
		{072BEC63-CFAD-41FF-9380-6CFC92189C6C}.Release|Any CPU.Build.0 = Release|Any CPU
		{7C4E2367-F3E6-41B1-ADCB-02CC6ADB162A}.Debug|Any CPU.ActiveCfg = Debug|Any CPU
		{7C4E2367-F3E6-41B1-ADCB-02CC6ADB162A}.Debug|Any CPU.Build.0 = Debug|Any CPU
		{7C4E2367-F3E6-41B1-ADCB-02CC6ADB162A}.Release|Any CPU.ActiveCfg = Release|Any CPU
		{7C4E2367-F3E6-41B1-ADCB-02CC6ADB162A}.Release|Any CPU.Build.0 = Release|Any CPU
		{4FE0429D-B9FB-41F3-A3D0-D6FB516BB0EE}.Debug|Any CPU.ActiveCfg = Debug|Any CPU
		{4FE0429D-B9FB-41F3-A3D0-D6FB516BB0EE}.Debug|Any CPU.Build.0 = Debug|Any CPU
		{4FE0429D-B9FB-41F3-A3D0-D6FB516BB0EE}.Release|Any CPU.ActiveCfg = Release|Any CPU
		{4FE0429D-B9FB-41F3-A3D0-D6FB516BB0EE}.Release|Any CPU.Build.0 = Release|Any CPU
		{224FD581-CD70-4A5A-B9E6-7A99AAAF1326}.Debug|Any CPU.ActiveCfg = Debug|Any CPU
		{224FD581-CD70-4A5A-B9E6-7A99AAAF1326}.Debug|Any CPU.Build.0 = Debug|Any CPU
		{224FD581-CD70-4A5A-B9E6-7A99AAAF1326}.Release|Any CPU.ActiveCfg = Release|Any CPU
		{224FD581-CD70-4A5A-B9E6-7A99AAAF1326}.Release|Any CPU.Build.0 = Release|Any CPU
		{1CD0473F-1B41-474C-B655-3C136900A1CF}.Debug|Any CPU.ActiveCfg = Debug|Any CPU
		{1CD0473F-1B41-474C-B655-3C136900A1CF}.Debug|Any CPU.Build.0 = Debug|Any CPU
		{1CD0473F-1B41-474C-B655-3C136900A1CF}.Release|Any CPU.ActiveCfg = Release|Any CPU
		{1CD0473F-1B41-474C-B655-3C136900A1CF}.Release|Any CPU.Build.0 = Release|Any CPU
		{9AA0D13E-2812-4EDA-893F-7F1EFB68DF00}.Debug|Any CPU.ActiveCfg = Debug|Any CPU
		{9AA0D13E-2812-4EDA-893F-7F1EFB68DF00}.Debug|Any CPU.Build.0 = Debug|Any CPU
		{9AA0D13E-2812-4EDA-893F-7F1EFB68DF00}.Release|Any CPU.ActiveCfg = Release|Any CPU
		{9AA0D13E-2812-4EDA-893F-7F1EFB68DF00}.Release|Any CPU.Build.0 = Release|Any CPU
		{3A582D62-0A33-4F02-8F7A-0222FD9072BC}.Debug|Any CPU.ActiveCfg = Debug|Any CPU
		{3A582D62-0A33-4F02-8F7A-0222FD9072BC}.Debug|Any CPU.Build.0 = Debug|Any CPU
		{3A582D62-0A33-4F02-8F7A-0222FD9072BC}.Release|Any CPU.ActiveCfg = Release|Any CPU
		{3A582D62-0A33-4F02-8F7A-0222FD9072BC}.Release|Any CPU.Build.0 = Release|Any CPU
	EndGlobalSection
	GlobalSection(SolutionProperties) = preSolution
		HideSolutionNode = FALSE
	EndGlobalSection
	GlobalSection(NestedProjects) = preSolution
		{18E9346D-0C6F-44A9-9842-13BC29B863FA} = {7F6171BB-EF7C-4C00-B314-47728002E008}
		{B53C42DA-F7B5-4F2D-A50E-9F239E80DB6A} = {18E9346D-0C6F-44A9-9842-13BC29B863FA}
		{1B7C3763-50B4-4C59-9576-69893A7440A3} = {151BA862-0458-42C7-80CD-2E59E69FF421}
		{554544F5-5849-420D-A656-21A8547C4C4B} = {B2F67A6E-170D-4DF4-A36D-EF930A331E92}
		{C43B2F4C-17F0-4411-8202-5CEB48ED93AD} = {B2F67A6E-170D-4DF4-A36D-EF930A331E92}
		{B616947B-EB75-4C5A-AE9B-5BE75CFCECA9} = {C43B2F4C-17F0-4411-8202-5CEB48ED93AD}
		{D169F7A6-2DF0-4D47-B5B1-175F9A5C6B28} = {B2F67A6E-170D-4DF4-A36D-EF930A331E92}
		{FD89DBE9-5609-4519-8272-61291D8B8A85} = {D169F7A6-2DF0-4D47-B5B1-175F9A5C6B28}
		{072BEC63-CFAD-41FF-9380-6CFC92189C6C} = {D169F7A6-2DF0-4D47-B5B1-175F9A5C6B28}
		{9B638A1F-E22C-4E02-A50E-32783EB12447} = {B2F67A6E-170D-4DF4-A36D-EF930A331E92}
		{7C4E2367-F3E6-41B1-ADCB-02CC6ADB162A} = {9B638A1F-E22C-4E02-A50E-32783EB12447}
		{4FE0429D-B9FB-41F3-A3D0-D6FB516BB0EE} = {9B638A1F-E22C-4E02-A50E-32783EB12447}
		{AB8DDC23-CD8D-4037-B2D8-FEED252B465A} = {B2F67A6E-170D-4DF4-A36D-EF930A331E92}
		{224FD581-CD70-4A5A-B9E6-7A99AAAF1326} = {AB8DDC23-CD8D-4037-B2D8-FEED252B465A}
		{1CD0473F-1B41-474C-B655-3C136900A1CF} = {AB8DDC23-CD8D-4037-B2D8-FEED252B465A}
		{9AA0D13E-2812-4EDA-893F-7F1EFB68DF00} = {554544F5-5849-420D-A656-21A8547C4C4B}
		{3A582D62-0A33-4F02-8F7A-0222FD9072BC} = {554544F5-5849-420D-A656-21A8547C4C4B}
	EndGlobalSection
	GlobalSection(ExtensibilityGlobals) = postSolution
		SolutionGuid = {B735925D-3695-4E84-9834-EBEA58D0CAAA}
	EndGlobalSection
EndGlobal
